// !$*UTF8*$!
{
	archiveVersion = 1;
	classes = {
	};
	objectVersion = 50;
	objects = {

/* Begin PBXBuildFile section */
		7AD103C02352F084006FFA96 /* AppDelegate.swift in Sources */ = {isa = PBXBuildFile; fileRef = 7AD103BF2352F084006FFA96 /* AppDelegate.swift */; };
		7AD103C22352F084006FFA96 /* SceneDelegate.swift in Sources */ = {isa = PBXBuildFile; fileRef = 7AD103C12352F084006FFA96 /* SceneDelegate.swift */; };
		7AD103C42352F084006FFA96 /* ViewController.swift in Sources */ = {isa = PBXBuildFile; fileRef = 7AD103C32352F084006FFA96 /* ViewController.swift */; };
		7AD103C72352F084006FFA96 /* Main.storyboard in Resources */ = {isa = PBXBuildFile; fileRef = 7AD103C52352F084006FFA96 /* Main.storyboard */; };
		7AD103C92352F085006FFA96 /* Assets.xcassets in Resources */ = {isa = PBXBuildFile; fileRef = 7AD103C82352F085006FFA96 /* Assets.xcassets */; };
		7AD103CC2352F085006FFA96 /* LaunchScreen.storyboard in Resources */ = {isa = PBXBuildFile; fileRef = 7AD103CA2352F085006FFA96 /* LaunchScreen.storyboard */; };
		7AD103D42352F265006FFA96 /* TommorowViewController.swift in Sources */ = {isa = PBXBuildFile; fileRef = 7AD103D32352F265006FFA96 /* TommorowViewController.swift */; };
		7AD103D62352FB5E006FFA96 /* ResultViewController.swift in Sources */ = {isa = PBXBuildFile; fileRef = 7AD103D52352FB5E006FFA96 /* ResultViewController.swift */; };
/* End PBXBuildFile section */

/* Begin PBXFileReference section */
		7AD103BC2352F084006FFA96 /* fortuneGame.app */ = {isa = PBXFileReference; explicitFileType = wrapper.application; includeInIndex = 0; path = fortuneGame.app; sourceTree = BUILT_PRODUCTS_DIR; };
		7AD103BF2352F084006FFA96 /* AppDelegate.swift */ = {isa = PBXFileReference; lastKnownFileType = sourcecode.swift; path = AppDelegate.swift; sourceTree = "<group>"; };
		7AD103C12352F084006FFA96 /* SceneDelegate.swift */ = {isa = PBXFileReference; lastKnownFileType = sourcecode.swift; path = SceneDelegate.swift; sourceTree = "<group>"; };
		7AD103C32352F084006FFA96 /* ViewController.swift */ = {isa = PBXFileReference; lastKnownFileType = sourcecode.swift; path = ViewController.swift; sourceTree = "<group>"; };
		7AD103C62352F084006FFA96 /* Base */ = {isa = PBXFileReference; lastKnownFileType = file.storyboard; name = Base; path = Base.lproj/Main.storyboard; sourceTree = "<group>"; };
		7AD103C82352F085006FFA96 /* Assets.xcassets */ = {isa = PBXFileReference; lastKnownFileType = folder.assetcatalog; path = Assets.xcassets; sourceTree = "<group>"; };
		7AD103CB2352F085006FFA96 /* Base */ = {isa = PBXFileReference; lastKnownFileType = file.storyboard; name = Base; path = Base.lproj/LaunchScreen.storyboard; sourceTree = "<group>"; };
		7AD103CD2352F085006FFA96 /* Info.plist */ = {isa = PBXFileReference; lastKnownFileType = text.plist.xml; path = Info.plist; sourceTree = "<group>"; };
		7AD103D32352F265006FFA96 /* TommorowViewController.swift */ = {isa = PBXFileReference; lastKnownFileType = sourcecode.swift; path = TommorowViewController.swift; sourceTree = "<group>"; };
		7AD103D52352FB5E006FFA96 /* ResultViewController.swift */ = {isa = PBXFileReference; lastKnownFileType = sourcecode.swift; path = ResultViewController.swift; sourceTree = "<group>"; };
/* End PBXFileReference section */

/* Begin PBXFrameworksBuildPhase section */
		7AD103B92352F084006FFA96 /* Frameworks */ = {
			isa = PBXFrameworksBuildPhase;
			buildActionMask = 2147483647;
			files = (
			);
			runOnlyForDeploymentPostprocessing = 0;
		};
/* End PBXFrameworksBuildPhase section */

/* Begin PBXGroup section */
		7AD103B32352F084006FFA96 = {
			isa = PBXGroup;
			children = (
				7AD103D52352FB5E006FFA96 /* ResultViewController.swift */,
				7AD103BE2352F084006FFA96 /* fortuneGame */,
				7AD103BD2352F084006FFA96 /* Products */,
			);
			sourceTree = "<group>";
		};
		7AD103BD2352F084006FFA96 /* Products */ = {
			isa = PBXGroup;
			children = (
				7AD103BC2352F084006FFA96 /* fortuneGame.app */,
			);
			name = Products;
			sourceTree = "<group>";
		};
		7AD103BE2352F084006FFA96 /* fortuneGame */ = {
			isa = PBXGroup;
			children = (
				7AD103BF2352F084006FFA96 /* AppDelegate.swift */,
				7AD103C12352F084006FFA96 /* SceneDelegate.swift */,
				7AD103C32352F084006FFA96 /* ViewController.swift */,
				7AD103C52352F084006FFA96 /* Main.storyboard */,
				7AD103D32352F265006FFA96 /* TommorowViewController.swift */,
				7AD103C82352F085006FFA96 /* Assets.xcassets */,
				7AD103CA2352F085006FFA96 /* LaunchScreen.storyboard */,
				7AD103CD2352F085006FFA96 /* Info.plist */,
			);
			path = fortuneGame;
			sourceTree = "<group>";
		};
/* End PBXGroup section */

/* Begin PBXNativeTarget section */
		7AD103BB2352F084006FFA96 /* fortuneGame */ = {
			isa = PBXNativeTarget;
			buildConfigurationList = 7AD103D02352F085006FFA96 /* Build configuration list for PBXNativeTarget "fortuneGame" */;
			buildPhases = (
				7AD103B82352F084006FFA96 /* Sources */,
				7AD103B92352F084006FFA96 /* Frameworks */,
				7AD103BA2352F084006FFA96 /* Resources */,
			);
			buildRules = (
			);
			dependencies = (
			);
			name = fortuneGame;
			productName = fortuneGame;
			productReference = 7AD103BC2352F084006FFA96 /* fortuneGame.app */;
			productType = "com.apple.product-type.application";
		};
/* End PBXNativeTarget section */

/* Begin PBXProject section */
		7AD103B42352F084006FFA96 /* Project object */ = {
			isa = PBXProject;
			attributes = {
				LastSwiftUpdateCheck = 1110;
				LastUpgradeCheck = 1110;
				ORGANIZATIONNAME = "Kozasa Mizuki";
				TargetAttributes = {
					7AD103BB2352F084006FFA96 = {
						CreatedOnToolsVersion = 11.1;
					};
				};
			};
			buildConfigurationList = 7AD103B72352F084006FFA96 /* Build configuration list for PBXProject "fortuneGame" */;
			compatibilityVersion = "Xcode 9.3";
			developmentRegion = en;
			hasScannedForEncodings = 0;
			knownRegions = (
				en,
				Base,
			);
			mainGroup = 7AD103B32352F084006FFA96;
			productRefGroup = 7AD103BD2352F084006FFA96 /* Products */;
			projectDirPath = "";
			projectRoot = "";
			targets = (
				7AD103BB2352F084006FFA96 /* fortuneGame */,
			);
		};
/* End PBXProject section */

/* Begin PBXResourcesBuildPhase section */
		7AD103BA2352F084006FFA96 /* Resources */ = {
			isa = PBXResourcesBuildPhase;
			buildActionMask = 2147483647;
			files = (
				7AD103CC2352F085006FFA96 /* LaunchScreen.storyboard in Resources */,
				7AD103C92352F085006FFA96 /* Assets.xcassets in Resources */,
				7AD103C72352F084006FFA96 /* Main.storyboard in Resources */,
			);
			runOnlyForDeploymentPostprocessing = 0;
		};
/* End PBXResourcesBuildPhase section */

/* Begin PBXSourcesBuildPhase section */
		7AD103B82352F084006FFA96 /* Sources */ = {
			isa = PBXSourcesBuildPhase;
			buildActionMask = 2147483647;
			files = (
				7AD103D62352FB5E006FFA96 /* ResultViewController.swift in Sources */,
				7AD103C42352F084006FFA96 /* ViewController.swift in Sources */,
				7AD103C02352F084006FFA96 /* AppDelegate.swift in Sources */,
				7AD103D42352F265006FFA96 /* TommorowViewController.swift in Sources */,
				7AD103C22352F084006FFA96 /* SceneDelegate.swift in Sources */,
			);
			runOnlyForDeploymentPostprocessing = 0;
		};
/* End PBXSourcesBuildPhase section */

/* Begin PBXVariantGroup section */
		7AD103C52352F084006FFA96 /* Main.storyboard */ = {
			isa = PBXVariantGroup;
			children = (
				7AD103C62352F084006FFA96 /* Base */,
			);
			name = Main.storyboard;
			sourceTree = "<group>";
		};
		7AD103CA2352F085006FFA96 /* LaunchScreen.storyboard */ = {
			isa = PBXVariantGroup;
			children = (
				7AD103CB2352F085006FFA96 /* Base */,
			);
			name = LaunchScreen.storyboard;
			sourceTree = "<group>";
		};
/* End PBXVariantGroup section */

/* Begin XCBuildConfiguration section */
		7AD103CE2352F085006FFA96 /* Debug */ = {
			isa = XCBuildConfiguration;
			buildSettings = {
				ALWAYS_SEARCH_USER_PATHS = NO;
				CLANG_ANALYZER_NONNULL = YES;
				CLANG_ANALYZER_NUMBER_OBJECT_CONVERSION = YES_AGGRESSIVE;
				CLANG_CXX_LANGUAGE_STANDARD = "gnu++14";
				CLANG_CXX_LIBRARY = "libc++";
				CLANG_ENABLE_MODULES = YES;
				CLANG_ENABLE_OBJC_ARC = YES;
				CLANG_ENABLE_OBJC_WEAK = YES;
				CLANG_WARN_BLOCK_CAPTURE_AUTORELEASING = YES;
				CLANG_WARN_BOOL_CONVERSION = YES;
				CLANG_WARN_COMMA = YES;
				CLANG_WARN_CONSTANT_CONVERSION = YES;
				CLANG_WARN_DEPRECATED_OBJC_IMPLEMENTATIONS = YES;
				CLANG_WARN_DIRECT_OBJC_ISA_USAGE = YES_ERROR;
				CLANG_WARN_DOCUMENTATION_COMMENTS = YES;
				CLANG_WARN_EMPTY_BODY = YES;
				CLANG_WARN_ENUM_CONVERSION = YES;
				CLANG_WARN_INFINITE_RECURSION = YES;
				CLANG_WARN_INT_CONVERSION = YES;
				CLANG_WARN_NON_LITERAL_NULL_CONVERSION = YES;
				CLANG_WARN_OBJC_IMPLICIT_RETAIN_SELF = YES;
				CLANG_WARN_OBJC_LITERAL_CONVERSION = YES;
				CLANG_WARN_OBJC_ROOT_CLASS = YES_ERROR;
				CLANG_WARN_RANGE_LOOP_ANALYSIS = YES;
				CLANG_WARN_STRICT_PROTOTYPES = YES;
				CLANG_WARN_SUSPICIOUS_MOVE = YES;
				CLANG_WARN_UNGUARDED_AVAILABILITY = YES_AGGRESSIVE;
				CLANG_WARN_UNREACHABLE_CODE = YES;
				CLANG_WARN__DUPLICATE_METHOD_MATCH = YES;
				COPY_PHASE_STRIP = NO;
				DEBUG_INFORMATION_FORMAT = dwarf;
				ENABLE_STRICT_OBJC_MSGSEND = YES;
				ENABLE_TESTABILITY = YES;
				GCC_C_LANGUAGE_STANDARD = gnu11;
				GCC_DYNAMIC_NO_PIC = NO;
				GCC_NO_COMMON_BLOCKS = YES;
				GCC_OPTIMIZATION_LEVEL = 0;
				GCC_PREPROCESSOR_DEFINITIONS = (
					"DEBUG=1",
					"$(inherited)",
				);
				GCC_WARN_64_TO_32_BIT_CONVERSION = YES;
				GCC_WARN_ABOUT_RETURN_TYPE = YES_ERROR;
				GCC_WARN_UNDECLARED_SELECTOR = YES;
				GCC_WARN_UNINITIALIZED_AUTOS = YES_AGGRESSIVE;
				GCC_WARN_UNUSED_FUNCTION = YES;
				GCC_WARN_UNUSED_VARIABLE = YES;
				IPHONEOS_DEPLOYMENT_TARGET = 13.1;
				MTL_ENABLE_DEBUG_INFO = INCLUDE_SOURCE;
				MTL_FAST_MATH = YES;
				ONLY_ACTIVE_ARCH = YES;
				SDKROOT = iphoneos;
				SWIFT_ACTIVE_COMPILATION_CONDITIONS = DEBUG;
				SWIFT_OPTIMIZATION_LEVEL = "-Onone";
			};
			name = Debug;
		};
		7AD103CF2352F085006FFA96 /* Release */ = {
			isa = XCBuildConfiguration;
			buildSettings = {
				ALWAYS_SEARCH_USER_PATHS = NO;
				CLANG_ANALYZER_NONNULL = YES;
				CLANG_ANALYZER_NUMBER_OBJECT_CONVERSION = YES_AGGRESSIVE;
				CLANG_CXX_LANGUAGE_STANDARD = "gnu++14";
				CLANG_CXX_LIBRARY = "libc++";
				CLANG_ENABLE_MODULES = YES;
				CLANG_ENABLE_OBJC_ARC = YES;
				CLANG_ENABLE_OBJC_WEAK = YES;
				CLANG_WARN_BLOCK_CAPTURE_AUTORELEASING = YES;
				CLANG_WARN_BOOL_CONVERSION = YES;
				CLANG_WARN_COMMA = YES;
				CLANG_WARN_CONSTANT_CONVERSION = YES;
				CLANG_WARN_DEPRECATED_OBJC_IMPLEMENTATIONS = YES;
				CLANG_WARN_DIRECT_OBJC_ISA_USAGE = YES_ERROR;
				CLANG_WARN_DOCUMENTATION_COMMENTS = YES;
				CLANG_WARN_EMPTY_BODY = YES;
				CLANG_WARN_ENUM_CONVERSION = YES;
				CLANG_WARN_INFINITE_RECURSION = YES;
				CLANG_WARN_INT_CONVERSION = YES;
				CLANG_WARN_NON_LITERAL_NULL_CONVERSION = YES;
				CLANG_WARN_OBJC_IMPLICIT_RETAIN_SELF = YES;
				CLANG_WARN_OBJC_LITERAL_CONVERSION = YES;
				CLANG_WARN_OBJC_ROOT_CLASS = YES_ERROR;
				CLANG_WARN_RANGE_LOOP_ANALYSIS = YES;
				CLANG_WARN_STRICT_PROTOTYPES = YES;
				CLANG_WARN_SUSPICIOUS_MOVE = YES;
				CLANG_WARN_UNGUARDED_AVAILABILITY = YES_AGGRESSIVE;
				CLANG_WARN_UNREACHABLE_CODE = YES;
				CLANG_WARN__DUPLICATE_METHOD_MATCH = YES;
				COPY_PHASE_STRIP = NO;
				DEBUG_INFORMATION_FORMAT = "dwarf-with-dsym";
				ENABLE_NS_ASSERTIONS = NO;
				ENABLE_STRICT_OBJC_MSGSEND = YES;
				GCC_C_LANGUAGE_STANDARD = gnu11;
				GCC_NO_COMMON_BLOCKS = YES;
				GCC_WARN_64_TO_32_BIT_CONVERSION = YES;
				GCC_WARN_ABOUT_RETURN_TYPE = YES_ERROR;
				GCC_WARN_UNDECLARED_SELECTOR = YES;
				GCC_WARN_UNINITIALIZED_AUTOS = YES_AGGRESSIVE;
				GCC_WARN_UNUSED_FUNCTION = YES;
				GCC_WARN_UNUSED_VARIABLE = YES;
				IPHONEOS_DEPLOYMENT_TARGET = 13.1;
				MTL_ENABLE_DEBUG_INFO = NO;
				MTL_FAST_MATH = YES;
				SDKROOT = iphoneos;
				SWIFT_COMPILATION_MODE = wholemodule;
				SWIFT_OPTIMIZATION_LEVEL = "-O";
				VALIDATE_PRODUCT = YES;
			};
			name = Release;
		};
		7AD103D12352F085006FFA96 /* Debug */ = {
			isa = XCBuildConfiguration;
			buildSettings = {
				ASSETCATALOG_COMPILER_APPICON_NAME = AppIcon;
				CODE_SIGN_STYLE = Automatic;
				DEVELOPMENT_TEAM = Y2U68963XJ;
				INFOPLIST_FILE = fortuneGame/Info.plist;
				LD_RUNPATH_SEARCH_PATHS = (
					"$(inherited)",
					"@executable_path/Frameworks",
				);
				PRODUCT_BUNDLE_IDENTIFIER = com.example.mizuki.fortuneGame;
				PRODUCT_NAME = "$(TARGET_NAME)";
				SWIFT_VERSION = 5.0;
				TARGETED_DEVICE_FAMILY = "1,2";
			};
			name = Debug;
		};
		7AD103D22352F085006FFA96 /* Release */ = {
			isa = XCBuildConfiguration;
			buildSettings = {
				ASSETCATALOG_COMPILER_APPICON_NAME = AppIcon;
				CODE_SIGN_STYLE = Automatic;
				DEVELOPMENT_TEAM = Y2U68963XJ;
				INFOPLIST_FILE = fortuneGame/Info.plist;
				LD_RUNPATH_SEARCH_PATHS = (
					"$(inherited)",
					"@executable_path/Frameworks",
				);
				PRODUCT_BUNDLE_IDENTIFIER = com.example.mizuki.fortuneGame;
				PRODUCT_NAME = "$(TARGET_NAME)";
				SWIFT_VERSION = 5.0;
				TARGETED_DEVICE_FAMILY = "1,2";
			};
			name = Release;
		};
/* End XCBuildConfiguration section */

/* Begin XCConfigurationList section */
		7AD103B72352F084006FFA96 /* Build configuration list for PBXProject "fortuneGame" */ = {
			isa = XCConfigurationList;
			buildConfigurations = (
				7AD103CE2352F085006FFA96 /* Debug */,
				7AD103CF2352F085006FFA96 /* Release */,
			);
			defaultConfigurationIsVisible = 0;
			defaultConfigurationName = Release;
		};
		7AD103D02352F085006FFA96 /* Build configuration list for PBXNativeTarget "fortuneGame" */ = {
			isa = XCConfigurationList;
			buildConfigurations = (
				7AD103D12352F085006FFA96 /* Debug */,
				7AD103D22352F085006FFA96 /* Release */,
			);
			defaultConfigurationIsVisible = 0;
			defaultConfigurationName = Release;
		};
/* End XCConfigurationList section */
	};
	rootObject = 7AD103B42352F084006FFA96 /* Project object */;
}
